{
  "requires": true,
  "lockfileVersion": 1,
  "dependencies": {
    "@ursi/jim": {
      "version": "0.1.0",
      "resolved": "https://registry.npmjs.org/@ursi/jim/-/jim-0.1.0.tgz",
      "integrity": "sha512-kjv6TL57dkZM7x+xDfqKlnrMaqJQsBQ+hMUVpwD1FPwSiDNNeAtt9c6wwPvmuLPkTMbopvx3bbmZK6FNtBIVVA=="
    }
  }
}
